# This file is generated by running "yarn install" inside your project.
# Manual changes might be lost - proceed with caution!

__metadata:
  version: 6
  cacheKey: 8

"@home-finance/shared@workspace:.":
  version: 0.0.0-use.local
  resolution: "@home-finance/shared@workspace:."
  dependencies:
    "@types/lodash": ^4.14.181
    lodash: ^4.17.21
  languageName: unknown
  linkType: soft

"@types/lodash@npm:^4.14.181":
  version: 4.14.181
  resolution: "@types/lodash@npm:4.14.181"
  checksum: 0d1863d8383fd2f8bb42e9e3fc1d6255bb88ff034d6df848941063698944313dae944fc1270315613e3d303fae7c7a9a86085ad3235ed6204c56c4b0b3699aa9
  languageName: node
  linkType: hard

"lodash@npm:^4.17.21":
  version: 4.17.21
  resolution: "lodash@npm:4.17.21"
  checksum: eb835a2e51d381e561e508ce932ea50a8e5a68f4ebdd771ea240d3048244a8d13658acbd502cd4829768c56f2e16bdd4340b9ea141297d472517b83868e677f7
  languageName: node
  linkType: hard
